
Microsoft Visual Studio Solution File, Format Version 12.00
# Visual Studio 14
VisualStudioVersion = 14.0.23107.0
MinimumVisualStudioVersion = 10.0.40219.1
Project("{FAE04EC0-301F-11D3-BF4B-00C04F79EFBC}") = "WikimediaDumpToolbox", "WikimediaDumpToolbox\WikimediaDumpToolbox.csproj", "{0547FCD4-1601-4EE0-9CBF-7604FC2F5EEB}"
EndProject
Project("{FAE04EC0-301F-11D3-BF4B-00C04F79EFBC}") = "WikimediaDumpToolbox.SampleApp", "WikimediaDumpToolbox.SampleApp\WikimediaDumpToolbox.SampleApp.csproj", "{5D815535-5BF9-467A-94B4-88D64F0038B0}"
EndProject
Project("{FAE04EC0-301F-11D3-BF4B-00C04F79EFBC}") = "WikimediaDumpToolboxTests", "WikimediaDumpToolboxTests\WikimediaDumpToolboxTests.csproj", "{24766B9A-0AA5-4A68-9448-9B9BB7E0BC46}"
EndProject
Global
	GlobalSection(SolutionConfigurationPlatforms) = preSolution
		Debug|Any CPU = Debug|Any CPU
		Release|Any CPU = Release|Any CPU
	EndGlobalSection
	GlobalSection(ProjectConfigurationPlatforms) = postSolution
		{0547FCD4-1601-4EE0-9CBF-7604FC2F5EEB}.Debug|Any CPU.ActiveCfg = Debug|Any CPU
		{0547FCD4-1601-4EE0-9CBF-7604FC2F5EEB}.Debug|Any CPU.Build.0 = Debug|Any CPU
		{0547FCD4-1601-4EE0-9CBF-7604FC2F5EEB}.Release|Any CPU.ActiveCfg = Release|Any CPU
		{0547FCD4-1601-4EE0-9CBF-7604FC2F5EEB}.Release|Any CPU.Build.0 = Release|Any CPU
		{5D815535-5BF9-467A-94B4-88D64F0038B0}.Debug|Any CPU.ActiveCfg = Debug|Any CPU
		{5D815535-5BF9-467A-94B4-88D64F0038B0}.Debug|Any CPU.Build.0 = Debug|Any CPU
		{5D815535-5BF9-467A-94B4-88D64F0038B0}.Release|Any CPU.ActiveCfg = Release|Any CPU
		{5D815535-5BF9-467A-94B4-88D64F0038B0}.Release|Any CPU.Build.0 = Release|Any CPU
		{24766B9A-0AA5-4A68-9448-9B9BB7E0BC46}.Debug|Any CPU.ActiveCfg = Debug|Any CPU
		{24766B9A-0AA5-4A68-9448-9B9BB7E0BC46}.Debug|Any CPU.Build.0 = Debug|Any CPU
		{24766B9A-0AA5-4A68-9448-9B9BB7E0BC46}.Release|Any CPU.ActiveCfg = Release|Any CPU
		{24766B9A-0AA5-4A68-9448-9B9BB7E0BC46}.Release|Any CPU.Build.0 = Release|Any CPU
	EndGlobalSection
	GlobalSection(SolutionProperties) = preSolution
		HideSolutionNode = FALSE
	EndGlobalSection
EndGlobal
